{
  "object": {
    "pins": [
      {
        "package": "GSPlayer",
        "repositoryURL": "https://github.com/wxxsw/GSPlayer.git",
        "state": {
          "branch": null,
          "revision": "1cb5fbb04d6bdfdfcc5948a41547fa3f3c584ea3",
          "version": "0.2.10"
        }
      }
    ]
  },
  "version": 1
}
